{
  "name": "hyper-plugins",
  "version": "0.0.1",
  "lockfileVersion": 1,
  "dependencies": {
    "nova-colors": {
      "version": "2.1.4",
      "resolved": "https://registry.npmjs.org/nova-colors/-/nova-colors-2.1.4.tgz",
      "integrity": "sha1-89Z9SChLYrIv7o8yCIfM99qtIS8="
    },
    "nova-hyperterm": {
      "version": "3.0.0",
      "resolved": "https://registry.npmjs.org/nova-hyperterm/-/nova-hyperterm-3.0.0.tgz",
      "integrity": "sha1-urb5wi0Jg1K5dEsalq0T/AxH7PY="
    }
  }
}
